
Microsoft Visual Studio Solution File, Format Version 12.00
# Visual Studio Version 16
VisualStudioVersion = 16.0.30114.105
MinimumVisualStudioVersion = 10.0.40219.1
Project("{FAE04EC0-301F-11D3-BF4B-00C04F79EFBC}") = "MITBeerGame.Api", "MITBeerGame.Api\MITBeerGame.Api.csproj", "{7FD40C52-360B-4A54-B5C4-F6BF39E189FA}"
EndProject
Global
	GlobalSection(SolutionConfigurationPlatforms) = preSolution
		Debug|Any CPU = Debug|Any CPU
		Release|Any CPU = Release|Any CPU
	EndGlobalSection
	GlobalSection(SolutionProperties) = preSolution
		HideSolutionNode = FALSE
	EndGlobalSection
	GlobalSection(ProjectConfigurationPlatforms) = postSolution
		{7FD40C52-360B-4A54-B5C4-F6BF39E189FA}.Debug|Any CPU.ActiveCfg = Debug|Any CPU
		{7FD40C52-360B-4A54-B5C4-F6BF39E189FA}.Debug|Any CPU.Build.0 = Debug|Any CPU
		{7FD40C52-360B-4A54-B5C4-F6BF39E189FA}.Release|Any CPU.ActiveCfg = Release|Any CPU
		{7FD40C52-360B-4A54-B5C4-F6BF39E189FA}.Release|Any CPU.Build.0 = Release|Any CPU
	EndGlobalSection
EndGlobal
